
Microsoft Visual Studio Solution File, Format Version 12.00
# Visual Studio 15
VisualStudioVersion = 15.0.28010.2026
MinimumVisualStudioVersion = 10.0.40219.1
Project("{888888A0-9F3D-457C-B088-3A5042F75D52}") = "audio4video", "audio4video.pyproj", "{A558F1A7-8075-4160-9CDF-AF1AE97F8D07}"
EndProject
Global
	GlobalSection(SolutionConfigurationPlatforms) = preSolution
		Debug|Any CPU = Debug|Any CPU
		Release|Any CPU = Release|Any CPU
	EndGlobalSection
	GlobalSection(ProjectConfigurationPlatforms) = postSolution
		{A558F1A7-8075-4160-9CDF-AF1AE97F8D07}.Debug|Any CPU.ActiveCfg = Debug|Any CPU
		{A558F1A7-8075-4160-9CDF-AF1AE97F8D07}.Release|Any CPU.ActiveCfg = Release|Any CPU
	EndGlobalSection
	GlobalSection(SolutionProperties) = preSolution
		HideSolutionNode = FALSE
	EndGlobalSection
	GlobalSection(ExtensibilityGlobals) = postSolution
		SolutionGuid = {AD1C6614-B8CD-4BAC-AC83-5E560364C8B9}
	EndGlobalSection
EndGlobal
